
Microsoft Visual Studio Solution File, Format Version 12.00
# Visual Studio Version 17
VisualStudioVersion = 17.14.37027.9 d17.14
MinimumVisualStudioVersion = 10.0.40219.1
Project("{FAE04EC0-301F-11D3-BF4B-00C04F79EFBC}") = "MiniFullStackApi", "MiniFullStackApi.csproj", "{39D83FCC-853F-4F53-AE60-4576F2609FD2}"
EndProject
Global
	GlobalSection(SolutionConfigurationPlatforms) = preSolution
		Debug|Any CPU = Debug|Any CPU
		Release|Any CPU = Release|Any CPU
	EndGlobalSection
	GlobalSection(ProjectConfigurationPlatforms) = postSolution
		{39D83FCC-853F-4F53-AE60-4576F2609FD2}.Debug|Any CPU.ActiveCfg = Debug|Any CPU
		{39D83FCC-853F-4F53-AE60-4576F2609FD2}.Debug|Any CPU.Build.0 = Debug|Any CPU
		{39D83FCC-853F-4F53-AE60-4576F2609FD2}.Release|Any CPU.ActiveCfg = Release|Any CPU
		{39D83FCC-853F-4F53-AE60-4576F2609FD2}.Release|Any CPU.Build.0 = Release|Any CPU
	EndGlobalSection
	GlobalSection(SolutionProperties) = preSolution
		HideSolutionNode = FALSE
	EndGlobalSection
	GlobalSection(ExtensibilityGlobals) = postSolution
		SolutionGuid = {9EAC4C82-7F6D-498D-890A-A06E62F18465}
	EndGlobalSection
EndGlobal
